
Microsoft Visual Studio Solution File, Format Version 11.00
# Visual Studio 2010
Project("{8BC9CEB8-8B4A-11D0-8D11-00A0C91BC942}") = "chapter02a", "chapter02a\chapter02a.vcxproj", "{5B716DE0-AAB7-4EC8-850D-B0A3F69BDC40}"
EndProject
Project("{8BC9CEB8-8B4A-11D0-8D11-00A0C91BC942}") = "chapter02b", "chapter02b\chapter02b.vcxproj", "{E132D11D-06A7-4230-8B7C-A6A54DCBB09E}"
EndProject
Project("{8BC9CEB8-8B4A-11D0-8D11-00A0C91BC942}") = "chapter02c", "chapter02c\chapter02c.vcxproj", "{25802C81-C9D4-4538-8875-F61B97D7B520}"
EndProject
Global
	GlobalSection(SolutionConfigurationPlatforms) = preSolution
		Debug|Win32 = Debug|Win32
		Release|Win32 = Release|Win32
	EndGlobalSection
	GlobalSection(ProjectConfigurationPlatforms) = postSolution
		{5B716DE0-AAB7-4EC8-850D-B0A3F69BDC40}.Debug|Win32.ActiveCfg = Debug|Win32
		{5B716DE0-AAB7-4EC8-850D-B0A3F69BDC40}.Debug|Win32.Build.0 = Debug|Win32
		{5B716DE0-AAB7-4EC8-850D-B0A3F69BDC40}.Release|Win32.ActiveCfg = Release|Win32
		{5B716DE0-AAB7-4EC8-850D-B0A3F69BDC40}.Release|Win32.Build.0 = Release|Win32
		{E132D11D-06A7-4230-8B7C-A6A54DCBB09E}.Debug|Win32.ActiveCfg = Debug|Win32
		{E132D11D-06A7-4230-8B7C-A6A54DCBB09E}.Debug|Win32.Build.0 = Debug|Win32
		{E132D11D-06A7-4230-8B7C-A6A54DCBB09E}.Release|Win32.ActiveCfg = Release|Win32
		{E132D11D-06A7-4230-8B7C-A6A54DCBB09E}.Release|Win32.Build.0 = Release|Win32
		{25802C81-C9D4-4538-8875-F61B97D7B520}.Debug|Win32.ActiveCfg = Debug|Win32
		{25802C81-C9D4-4538-8875-F61B97D7B520}.Debug|Win32.Build.0 = Debug|Win32
		{25802C81-C9D4-4538-8875-F61B97D7B520}.Release|Win32.ActiveCfg = Release|Win32
		{25802C81-C9D4-4538-8875-F61B97D7B520}.Release|Win32.Build.0 = Release|Win32
	EndGlobalSection
	GlobalSection(SolutionProperties) = preSolution
		HideSolutionNode = FALSE
	EndGlobalSection
EndGlobal
